
Microsoft Visual Studio Solution File, Format Version 12.00
# Visual Studio Version 17
VisualStudioVersion = 17.8.34330.188
MinimumVisualStudioVersion = 10.0.40219.1
Project("{FAE04EC0-301F-11D3-BF4B-00C04F79EFBC}") = "API", "API\API.csproj", "{953178B1-E0FC-4FC1-B0E2-1C44F6531C5C}"
EndProject
Global
	GlobalSection(SolutionConfigurationPlatforms) = preSolution
		Debug|Any CPU = Debug|Any CPU
		Release|Any CPU = Release|Any CPU
	EndGlobalSection
	GlobalSection(ProjectConfigurationPlatforms) = postSolution
		{953178B1-E0FC-4FC1-B0E2-1C44F6531C5C}.Debug|Any CPU.ActiveCfg = Debug|Any CPU
		{953178B1-E0FC-4FC1-B0E2-1C44F6531C5C}.Debug|Any CPU.Build.0 = Debug|Any CPU
		{953178B1-E0FC-4FC1-B0E2-1C44F6531C5C}.Release|Any CPU.ActiveCfg = Release|Any CPU
		{953178B1-E0FC-4FC1-B0E2-1C44F6531C5C}.Release|Any CPU.Build.0 = Release|Any CPU
	EndGlobalSection
	GlobalSection(SolutionProperties) = preSolution
		HideSolutionNode = FALSE
	EndGlobalSection
	GlobalSection(ExtensibilityGlobals) = postSolution
		SolutionGuid = {5D1905CA-1CB3-4134-8720-5703AFEC68F2}
	EndGlobalSection
EndGlobal
